
Microsoft Visual Studio Solution File, Format Version 12.00
# Visual Studio Version 17
VisualStudioVersion = 17.9.34723.18
MinimumVisualStudioVersion = 10.0.40219.1
Project("{FAE04EC0-301F-11D3-BF4B-00C04F79EFBC}") = "API", "API\API.csproj", "{C7D1ED8F-A9AC-40B3-A477-1D9BBD42D50C}"
	ProjectSection(ProjectDependencies) = postProject
		{6EEACDB9-A556-45C2-9C20-E1BEA6C0538C} = {6EEACDB9-A556-45C2-9C20-E1BEA6C0538C}
	EndProjectSection
EndProject
Project("{FAE04EC0-301F-11D3-BF4B-00C04F79EFBC}") = "Core", "Core\Core.csproj", "{6EEACDB9-A556-45C2-9C20-E1BEA6C0538C}"
EndProject
Project("{FAE04EC0-301F-11D3-BF4B-00C04F79EFBC}") = "DataBase", "DataBase\DataBase.csproj", "{B130B745-ED51-4D16-8988-4F43869FDC33}"
	ProjectSection(ProjectDependencies) = postProject
		{6EEACDB9-A556-45C2-9C20-E1BEA6C0538C} = {6EEACDB9-A556-45C2-9C20-E1BEA6C0538C}
	EndProjectSection
EndProject
Global
	GlobalSection(SolutionConfigurationPlatforms) = preSolution
		Debug|Any CPU = Debug|Any CPU
		Release|Any CPU = Release|Any CPU
	EndGlobalSection
	GlobalSection(ProjectConfigurationPlatforms) = postSolution
		{C7D1ED8F-A9AC-40B3-A477-1D9BBD42D50C}.Debug|Any CPU.ActiveCfg = Debug|Any CPU
		{C7D1ED8F-A9AC-40B3-A477-1D9BBD42D50C}.Debug|Any CPU.Build.0 = Debug|Any CPU
		{C7D1ED8F-A9AC-40B3-A477-1D9BBD42D50C}.Release|Any CPU.ActiveCfg = Release|Any CPU
		{C7D1ED8F-A9AC-40B3-A477-1D9BBD42D50C}.Release|Any CPU.Build.0 = Release|Any CPU
		{6EEACDB9-A556-45C2-9C20-E1BEA6C0538C}.Debug|Any CPU.ActiveCfg = Debug|Any CPU
		{6EEACDB9-A556-45C2-9C20-E1BEA6C0538C}.Debug|Any CPU.Build.0 = Debug|Any CPU
		{6EEACDB9-A556-45C2-9C20-E1BEA6C0538C}.Release|Any CPU.ActiveCfg = Release|Any CPU
		{6EEACDB9-A556-45C2-9C20-E1BEA6C0538C}.Release|Any CPU.Build.0 = Release|Any CPU
		{B130B745-ED51-4D16-8988-4F43869FDC33}.Debug|Any CPU.ActiveCfg = Debug|Any CPU
		{B130B745-ED51-4D16-8988-4F43869FDC33}.Debug|Any CPU.Build.0 = Debug|Any CPU
		{B130B745-ED51-4D16-8988-4F43869FDC33}.Release|Any CPU.ActiveCfg = Release|Any CPU
		{B130B745-ED51-4D16-8988-4F43869FDC33}.Release|Any CPU.Build.0 = Release|Any CPU
	EndGlobalSection
	GlobalSection(SolutionProperties) = preSolution
		HideSolutionNode = FALSE
	EndGlobalSection
	GlobalSection(ExtensibilityGlobals) = postSolution
		SolutionGuid = {B4D1FA2A-3020-47A4-9F67-96D4ACBE7CA2}
	EndGlobalSection
EndGlobal
